
Microsoft Visual Studio Solution File, Format Version 12.00
# Visual Studio Version 16
VisualStudioVersion = 16.0.30309.148
MinimumVisualStudioVersion = 10.0.40219.1
Project("{9A19103F-16F7-4668-BE54-9A1E7A4F7556}") = "gswSoftware.UI", "gswSoftware.UI\gswSoftware.UI.csproj", "{BAAB5DB4-6E5F-49FB-B001-69A93D5C23D5}"
EndProject
Project("{2150E333-8FDC-42A3-9474-1A3956D46DE8}") = "src", "src", "{20CC3809-8DB6-4749-9320-080831972C76}"
EndProject
Project("{2150E333-8FDC-42A3-9474-1A3956D46DE8}") = "1 - UI", "1 - UI", "{08890610-3B99-46C7-AD0D-5D69B0B9AAA3}"
EndProject
Project("{2150E333-8FDC-42A3-9474-1A3956D46DE8}") = "2 - Service", "2 - Service", "{212BE2DF-631F-4E91-BDA4-817BF92BABFB}"
EndProject
Project("{2150E333-8FDC-42A3-9474-1A3956D46DE8}") = "3 - Domain", "3 - Domain", "{7FCE3E0D-6626-4455-9B21-4CC7A5546A58}"
EndProject
Project("{2150E333-8FDC-42A3-9474-1A3956D46DE8}") = "4 - Infra", "4 - Infra", "{1F64BFB9-EE7E-4EF4-9665-C66F26BCDC6F}"
EndProject
Project("{FAE04EC0-301F-11D3-BF4B-00C04F79EFBC}") = "gswSoftware.WebAPI", "gswSoftware.WebAPI\gswSoftware.WebAPI\gswSoftware.WebAPI.csproj", "{43C4F7A0-750D-42A5-9899-908BFEE5341E}"
EndProject
Project("{FAE04EC0-301F-11D3-BF4B-00C04F79EFBC}") = "gswSoftware.Domain", "gswSoftware.Domain\gswSoftware.Domain\gswSoftware.Domain.csproj", "{EF6CFAE3-9D03-459C-B3D2-512A5A78A093}"
EndProject
Project("{FAE04EC0-301F-11D3-BF4B-00C04F79EFBC}") = "gswSoftware.Infra", "gswSoftware.Infra\gswSoftware.Infra\gswSoftware.Infra.csproj", "{D0C2A222-B4FD-493E-BB87-E4724FFDB291}"
EndProject
Project("{2150E333-8FDC-42A3-9474-1A3956D46DE8}") = "test", "test", "{59516D10-CA3C-4088-A807-FB28531A7CCB}"
EndProject
Project("{FAE04EC0-301F-11D3-BF4B-00C04F79EFBC}") = "gswSoftware.TDD", "gswSoftware.TDD\gswSoftware.TDD.csproj", "{E7541532-A4AD-4132-8536-C78D951D119E}"
EndProject
Global
	GlobalSection(SolutionConfigurationPlatforms) = preSolution
		Debug|Any CPU = Debug|Any CPU
		Release|Any CPU = Release|Any CPU
	EndGlobalSection
	GlobalSection(ProjectConfigurationPlatforms) = postSolution
		{BAAB5DB4-6E5F-49FB-B001-69A93D5C23D5}.Debug|Any CPU.ActiveCfg = Debug|Any CPU
		{BAAB5DB4-6E5F-49FB-B001-69A93D5C23D5}.Debug|Any CPU.Build.0 = Debug|Any CPU
		{BAAB5DB4-6E5F-49FB-B001-69A93D5C23D5}.Release|Any CPU.ActiveCfg = Release|Any CPU
		{BAAB5DB4-6E5F-49FB-B001-69A93D5C23D5}.Release|Any CPU.Build.0 = Release|Any CPU
		{43C4F7A0-750D-42A5-9899-908BFEE5341E}.Debug|Any CPU.ActiveCfg = Debug|Any CPU
		{43C4F7A0-750D-42A5-9899-908BFEE5341E}.Debug|Any CPU.Build.0 = Debug|Any CPU
		{43C4F7A0-750D-42A5-9899-908BFEE5341E}.Release|Any CPU.ActiveCfg = Release|Any CPU
		{43C4F7A0-750D-42A5-9899-908BFEE5341E}.Release|Any CPU.Build.0 = Release|Any CPU
		{EF6CFAE3-9D03-459C-B3D2-512A5A78A093}.Debug|Any CPU.ActiveCfg = Debug|Any CPU
		{EF6CFAE3-9D03-459C-B3D2-512A5A78A093}.Debug|Any CPU.Build.0 = Debug|Any CPU
		{EF6CFAE3-9D03-459C-B3D2-512A5A78A093}.Release|Any CPU.ActiveCfg = Release|Any CPU
		{EF6CFAE3-9D03-459C-B3D2-512A5A78A093}.Release|Any CPU.Build.0 = Release|Any CPU
		{D0C2A222-B4FD-493E-BB87-E4724FFDB291}.Debug|Any CPU.ActiveCfg = Debug|Any CPU
		{D0C2A222-B4FD-493E-BB87-E4724FFDB291}.Debug|Any CPU.Build.0 = Debug|Any CPU
		{D0C2A222-B4FD-493E-BB87-E4724FFDB291}.Release|Any CPU.ActiveCfg = Release|Any CPU
		{D0C2A222-B4FD-493E-BB87-E4724FFDB291}.Release|Any CPU.Build.0 = Release|Any CPU
		{E7541532-A4AD-4132-8536-C78D951D119E}.Debug|Any CPU.ActiveCfg = Debug|Any CPU
		{E7541532-A4AD-4132-8536-C78D951D119E}.Debug|Any CPU.Build.0 = Debug|Any CPU
		{E7541532-A4AD-4132-8536-C78D951D119E}.Release|Any CPU.ActiveCfg = Release|Any CPU
		{E7541532-A4AD-4132-8536-C78D951D119E}.Release|Any CPU.Build.0 = Release|Any CPU
	EndGlobalSection
	GlobalSection(SolutionProperties) = preSolution
		HideSolutionNode = FALSE
	EndGlobalSection
	GlobalSection(NestedProjects) = preSolution
		{BAAB5DB4-6E5F-49FB-B001-69A93D5C23D5} = {08890610-3B99-46C7-AD0D-5D69B0B9AAA3}
		{08890610-3B99-46C7-AD0D-5D69B0B9AAA3} = {20CC3809-8DB6-4749-9320-080831972C76}
		{212BE2DF-631F-4E91-BDA4-817BF92BABFB} = {20CC3809-8DB6-4749-9320-080831972C76}
		{7FCE3E0D-6626-4455-9B21-4CC7A5546A58} = {20CC3809-8DB6-4749-9320-080831972C76}
		{1F64BFB9-EE7E-4EF4-9665-C66F26BCDC6F} = {20CC3809-8DB6-4749-9320-080831972C76}
		{43C4F7A0-750D-42A5-9899-908BFEE5341E} = {212BE2DF-631F-4E91-BDA4-817BF92BABFB}
		{EF6CFAE3-9D03-459C-B3D2-512A5A78A093} = {7FCE3E0D-6626-4455-9B21-4CC7A5546A58}
		{D0C2A222-B4FD-493E-BB87-E4724FFDB291} = {1F64BFB9-EE7E-4EF4-9665-C66F26BCDC6F}
		{E7541532-A4AD-4132-8536-C78D951D119E} = {59516D10-CA3C-4088-A807-FB28531A7CCB}
	EndGlobalSection
	GlobalSection(ExtensibilityGlobals) = postSolution
		SolutionGuid = {A9A0B6E1-22ED-42D8-BE06-E0CA531D1C2B}
	EndGlobalSection
EndGlobal
