
Microsoft Visual Studio Solution File, Format Version 12.00
# Visual Studio Version 16
VisualStudioVersion = 16.0.30309.148
MinimumVisualStudioVersion = 10.0.40219.1
Project("{FAE04EC0-301F-11D3-BF4B-00C04F79EFBC}") = "gswSoftware", "gswSoftware\gswSoftware.csproj", "{BAAB5DB4-6E5F-49FB-B001-69A93D5C23D5}"
EndProject
Global
	GlobalSection(SolutionConfigurationPlatforms) = preSolution
		Debug|Any CPU = Debug|Any CPU
		Release|Any CPU = Release|Any CPU
	EndGlobalSection
	GlobalSection(ProjectConfigurationPlatforms) = postSolution
		{BAAB5DB4-6E5F-49FB-B001-69A93D5C23D5}.Debug|Any CPU.ActiveCfg = Debug|Any CPU
		{BAAB5DB4-6E5F-49FB-B001-69A93D5C23D5}.Debug|Any CPU.Build.0 = Debug|Any CPU
		{BAAB5DB4-6E5F-49FB-B001-69A93D5C23D5}.Release|Any CPU.ActiveCfg = Release|Any CPU
		{BAAB5DB4-6E5F-49FB-B001-69A93D5C23D5}.Release|Any CPU.Build.0 = Release|Any CPU
	EndGlobalSection
	GlobalSection(SolutionProperties) = preSolution
		HideSolutionNode = FALSE
	EndGlobalSection
	GlobalSection(ExtensibilityGlobals) = postSolution
		SolutionGuid = {A9A0B6E1-22ED-42D8-BE06-E0CA531D1C2B}
	EndGlobalSection
EndGlobal
